
Microsoft Visual Studio Solution File, Format Version 12.00
# Visual Studio 2012
Project("{FAE04EC0-301F-11D3-BF4B-00C04F79EFBC}") = "GoFar_CS496", "GoFar_CS496\GoFar_CS496.csproj", "{86C6BD44-512C-4780-9BCA-A1C368E648AC}"
EndProject
Project("{FAE04EC0-301F-11D3-BF4B-00C04F79EFBC}") = "GoFar_CS496.UITests", "GoFar_CS496.UITests\GoFar_CS496.UITests.csproj", "{36BB164D-E797-434E-A3B2-145DB40C776E}"
EndProject
Global
	GlobalSection(SolutionConfigurationPlatforms) = preSolution
		Debug|Any CPU = Debug|Any CPU
		Release|Any CPU = Release|Any CPU
	EndGlobalSection
	GlobalSection(ProjectConfigurationPlatforms) = postSolution
		{36BB164D-E797-434E-A3B2-145DB40C776E}.Debug|Any CPU.ActiveCfg = Debug|Any CPU
		{36BB164D-E797-434E-A3B2-145DB40C776E}.Debug|Any CPU.Build.0 = Debug|Any CPU
		{36BB164D-E797-434E-A3B2-145DB40C776E}.Release|Any CPU.ActiveCfg = Release|Any CPU
		{36BB164D-E797-434E-A3B2-145DB40C776E}.Release|Any CPU.Build.0 = Release|Any CPU
		{86C6BD44-512C-4780-9BCA-A1C368E648AC}.Debug|Any CPU.ActiveCfg = Debug|Any CPU
		{86C6BD44-512C-4780-9BCA-A1C368E648AC}.Debug|Any CPU.Build.0 = Debug|Any CPU
		{86C6BD44-512C-4780-9BCA-A1C368E648AC}.Release|Any CPU.ActiveCfg = Release|Any CPU
		{86C6BD44-512C-4780-9BCA-A1C368E648AC}.Release|Any CPU.Build.0 = Release|Any CPU
	EndGlobalSection
EndGlobal
